
Microsoft Visual Studio Solution File, Format Version 12.00
# Visual Studio Version 17
VisualStudioVersion = 17.10.35122.118
MinimumVisualStudioVersion = 10.0.40219.1
Project("{FAE04EC0-301F-11D3-BF4B-00C04F79EFBC}") = "Bankomat", "Bankomat.csproj", "{FCC830DA-1EF5-4331-A6E6-53C81F6947D4}"
EndProject
Global
	GlobalSection(SolutionConfigurationPlatforms) = preSolution
		Debug|Any CPU = Debug|Any CPU
		Release|Any CPU = Release|Any CPU
	EndGlobalSection
	GlobalSection(ProjectConfigurationPlatforms) = postSolution
		{FCC830DA-1EF5-4331-A6E6-53C81F6947D4}.Debug|Any CPU.ActiveCfg = Debug|Any CPU
		{FCC830DA-1EF5-4331-A6E6-53C81F6947D4}.Debug|Any CPU.Build.0 = Debug|Any CPU
		{FCC830DA-1EF5-4331-A6E6-53C81F6947D4}.Release|Any CPU.ActiveCfg = Release|Any CPU
		{FCC830DA-1EF5-4331-A6E6-53C81F6947D4}.Release|Any CPU.Build.0 = Release|Any CPU
	EndGlobalSection
	GlobalSection(SolutionProperties) = preSolution
		HideSolutionNode = FALSE
	EndGlobalSection
	GlobalSection(ExtensibilityGlobals) = postSolution
		SolutionGuid = {E0B33EE7-5E48-4EE3-9D1A-651811608021}
	EndGlobalSection
EndGlobal
